// !$*UTF8*$!
{
	archiveVersion = 1;
	classes = {
	};
	objectVersion = 56;
	objects = {

/* Begin PBXBuildFile section */
		8440DCE92B6C61DA006D4EFC /* EditSetView.swift in Sources */ = {isa = PBXBuildFile; fileRef = 8440DCE82B6C61DA006D4EFC /* EditSetView.swift */; };
		8469DE292B582E6900D617D2 /* MotaApp.swift in Sources */ = {isa = PBXBuildFile; fileRef = 8469DE282B582E6900D617D2 /* MotaApp.swift */; };
		8469DE2D2B582E6D00D617D2 /* Assets.xcassets in Resources */ = {isa = PBXBuildFile; fileRef = 8469DE2C2B582E6D00D617D2 /* Assets.xcassets */; };
		8469DE302B582E6D00D617D2 /* Preview Assets.xcassets in Resources */ = {isa = PBXBuildFile; fileRef = 8469DE2F2B582E6D00D617D2 /* Preview Assets.xcassets */; };
		8469DE3A2B582E6D00D617D2 /* MotaUnitTests.swift in Sources */ = {isa = PBXBuildFile; fileRef = 8469DE392B582E6D00D617D2 /* MotaUnitTests.swift */; };
		8469DE442B582E6D00D617D2 /* LoginUITests.swift in Sources */ = {isa = PBXBuildFile; fileRef = 8469DE432B582E6D00D617D2 /* LoginUITests.swift */; };
		8469DE462B582E6D00D617D2 /* MotaUITestsLaunchTests.swift in Sources */ = {isa = PBXBuildFile; fileRef = 8469DE452B582E6D00D617D2 /* MotaUITestsLaunchTests.swift */; };
		8469DE5F2B58409900D617D2 /* GoogleService-Info.plist in Resources */ = {isa = PBXBuildFile; fileRef = 8469DE5E2B58409800D617D2 /* GoogleService-Info.plist */; };
		8469DE622B58432200D617D2 /* FirebaseAnalytics in Frameworks */ = {isa = PBXBuildFile; productRef = 8469DE612B58432200D617D2 /* FirebaseAnalytics */; };
		8469DE642B58432200D617D2 /* FirebaseAnalyticsSwift in Frameworks */ = {isa = PBXBuildFile; productRef = 8469DE632B58432200D617D2 /* FirebaseAnalyticsSwift */; };
		8469DE672B5845DA00D617D2 /* FirebaseAuth in Frameworks */ = {isa = PBXBuildFile; productRef = 8469DE662B5845DA00D617D2 /* FirebaseAuth */; };
		8469DE6D2B5ABDC100D617D2 /* LoginPageObject.swift in Sources */ = {isa = PBXBuildFile; fileRef = 8469DE6C2B5ABDC100D617D2 /* LoginPageObject.swift */; };
		8469DE6F2B5AC57B00D617D2 /* SignupPageObject.swift in Sources */ = {isa = PBXBuildFile; fileRef = 8469DE6E2B5AC57B00D617D2 /* SignupPageObject.swift */; };
		8469DE712B5AC7A500D617D2 /* UITestCase.swift in Sources */ = {isa = PBXBuildFile; fileRef = 8469DE702B5AC7A500D617D2 /* UITestCase.swift */; };
		8469DE762B5AD65300D617D2 /* FirebaseAuthMock.swift in Sources */ = {isa = PBXBuildFile; fileRef = 8469DE752B5AD65300D617D2 /* FirebaseAuthMock.swift */; };
		8469DE772B5ADDC400D617D2 /* FirebaseAuthMock.swift in Sources */ = {isa = PBXBuildFile; fileRef = 8469DE752B5AD65300D617D2 /* FirebaseAuthMock.swift */; };
		8469DE802B5AF6CC00D617D2 /* LoginViewModel.swift in Sources */ = {isa = PBXBuildFile; fileRef = 8469DE7F2B5AF6CC00D617D2 /* LoginViewModel.swift */; };
		8469DE822B5AF75400D617D2 /* LoginView.swift in Sources */ = {isa = PBXBuildFile; fileRef = 8469DE812B5AF75400D617D2 /* LoginView.swift */; };
		8469DE8A2B5C510100D617D2 /* HomeView.swift in Sources */ = {isa = PBXBuildFile; fileRef = 8469DE892B5C510100D617D2 /* HomeView.swift */; };
		8469DE8F2B5C53C200D617D2 /* UserViewModel.swift in Sources */ = {isa = PBXBuildFile; fileRef = 8469DE8E2B5C53C200D617D2 /* UserViewModel.swift */; };
		8469DE912B5C54D000D617D2 /* UserView.swift in Sources */ = {isa = PBXBuildFile; fileRef = 8469DE902B5C54D000D617D2 /* UserView.swift */; };
		8469DE932B5D646E00D617D2 /* SignupView.swift in Sources */ = {isa = PBXBuildFile; fileRef = 8469DE922B5D646E00D617D2 /* SignupView.swift */; };
		8469DE952B5D6B0A00D617D2 /* AuthenticationView.swift in Sources */ = {isa = PBXBuildFile; fileRef = 8469DE942B5D6B0A00D617D2 /* AuthenticationView.swift */; };
		847E349F2B6A8F890004864D /* ExerciseData.swift in Sources */ = {isa = PBXBuildFile; fileRef = 847E349E2B6A8F890004864D /* ExerciseData.swift */; };
		84C5ACF72B6173A10002AAE3 /* HomePageObject.swift in Sources */ = {isa = PBXBuildFile; fileRef = 84C5ACF62B6173A10002AAE3 /* HomePageObject.swift */; };
		84C5ACFA2B61859E0002AAE3 /* SpringBoard.swift in Sources */ = {isa = PBXBuildFile; fileRef = 84C5ACF92B61859E0002AAE3 /* SpringBoard.swift */; };
		84C5ACFD2B6348C30002AAE3 /* AppUser.swift in Sources */ = {isa = PBXBuildFile; fileRef = 84C5ACFC2B6348C30002AAE3 /* AppUser.swift */; };
		84C5ACFF2B6349080002AAE3 /* AuthenticationService.swift in Sources */ = {isa = PBXBuildFile; fileRef = 84C5ACFE2B6349080002AAE3 /* AuthenticationService.swift */; };
		84C5AD012B634A450002AAE3 /* FirebaseAuthService.swift in Sources */ = {isa = PBXBuildFile; fileRef = 84C5AD002B634A450002AAE3 /* FirebaseAuthService.swift */; };
		84C5AD032B640D640002AAE3 /* HomeViewModel.swift in Sources */ = {isa = PBXBuildFile; fileRef = 84C5AD022B640D640002AAE3 /* HomeViewModel.swift */; };
		84C5AD052B64657A0002AAE3 /* MockAuthService.swift in Sources */ = {isa = PBXBuildFile; fileRef = 84C5AD042B64657A0002AAE3 /* MockAuthService.swift */; };
		84C5AD072B65693C0002AAE3 /* EndToEndTestCase.swift in Sources */ = {isa = PBXBuildFile; fileRef = 84C5AD062B65693C0002AAE3 /* EndToEndTestCase.swift */; };
		84C5AD0A2B656A170002AAE3 /* LoginEndToEndTests.swift in Sources */ = {isa = PBXBuildFile; fileRef = 84C5AD092B656A170002AAE3 /* LoginEndToEndTests.swift */; };
		84C5AD0D2B65C9890002AAE3 /* String+Ext.swift in Sources */ = {isa = PBXBuildFile; fileRef = 84C5AD0C2B65C9890002AAE3 /* String+Ext.swift */; };
		84C5AD0F2B6822840002AAE3 /* FeedView.swift in Sources */ = {isa = PBXBuildFile; fileRef = 84C5AD0E2B6822840002AAE3 /* FeedView.swift */; };
		84C5AD112B6822F00002AAE3 /* FeedViewModel.swift in Sources */ = {isa = PBXBuildFile; fileRef = 84C5AD102B6822F00002AAE3 /* FeedViewModel.swift */; };
		84C5AD132B68266C0002AAE3 /* EditWorkoutView.swift in Sources */ = {isa = PBXBuildFile; fileRef = 84C5AD122B68266C0002AAE3 /* EditWorkoutView.swift */; };
		84C5AD152B682F550002AAE3 /* AddExerciseView.swift in Sources */ = {isa = PBXBuildFile; fileRef = 84C5AD142B682F550002AAE3 /* AddExerciseView.swift */; };
		84C5AD182B6962750002AAE3 /* ExerciseRowView.swift in Sources */ = {isa = PBXBuildFile; fileRef = 84C5AD172B6962750002AAE3 /* ExerciseRowView.swift */; };
		84C5AD1A2B6963210002AAE3 /* exercises.json in Resources */ = {isa = PBXBuildFile; fileRef = 84C5AD192B6963210002AAE3 /* exercises.json */; };
		84C5AD1D2B69635B0002AAE3 /* Exercise.swift in Sources */ = {isa = PBXBuildFile; fileRef = 84C5AD1C2B69635B0002AAE3 /* Exercise.swift */; };
		84C5AD1F2B69677A0002AAE3 /* ExerciseTests.swift in Sources */ = {isa = PBXBuildFile; fileRef = 84C5AD1E2B69677A0002AAE3 /* ExerciseTests.swift */; };
		84D045892B6AAA19005CA5BE /* ExerciseDetailView.swift in Sources */ = {isa = PBXBuildFile; fileRef = 84D045882B6AAA19005CA5BE /* ExerciseDetailView.swift */; };
		84DD2D9B2B60086300633123 /* EmailTextField.swift in Sources */ = {isa = PBXBuildFile; fileRef = 84DD2D9A2B60086300633123 /* EmailTextField.swift */; };
		84DD2D9D2B600D1A00633123 /* PasswordSecureField.swift in Sources */ = {isa = PBXBuildFile; fileRef = 84DD2D9C2B600D1A00633123 /* PasswordSecureField.swift */; };
		84DD2D9F2B60199600633123 /* ResetPasswordView.swift in Sources */ = {isa = PBXBuildFile; fileRef = 84DD2D9E2B60199600633123 /* ResetPasswordView.swift */; };
		84DE653F2B7276FD009A9D40 /* WorkoutTests.swift in Sources */ = {isa = PBXBuildFile; fileRef = 84DE653E2B7276FD009A9D40 /* WorkoutTests.swift */; };
		84DE65412B72784B009A9D40 /* Workout.swift in Sources */ = {isa = PBXBuildFile; fileRef = 84DE65402B72784B009A9D40 /* Workout.swift */; };
/* End PBXBuildFile section */

/* Begin PBXContainerItemProxy section */
		8469DE362B582E6D00D617D2 /* PBXContainerItemProxy */ = {
			isa = PBXContainerItemProxy;
			containerPortal = 8469DE1D2B582E6900D617D2 /* Project object */;
			proxyType = 1;
			remoteGlobalIDString = 8469DE242B582E6900D617D2;
			remoteInfo = Mota;
		};
		8469DE402B582E6D00D617D2 /* PBXContainerItemProxy */ = {
			isa = PBXContainerItemProxy;
			containerPortal = 8469DE1D2B582E6900D617D2 /* Project object */;
			proxyType = 1;
			remoteGlobalIDString = 8469DE242B582E6900D617D2;
			remoteInfo = Mota;
		};
/* End PBXContainerItemProxy section */

/* Begin PBXFileReference section */
		8440DCE82B6C61DA006D4EFC /* EditSetView.swift */ = {isa = PBXFileReference; lastKnownFileType = sourcecode.swift; path = EditSetView.swift; sourceTree = "<group>"; };
		8469DE252B582E6900D617D2 /* Mota.app */ = {isa = PBXFileReference; explicitFileType = wrapper.application; includeInIndex = 0; path = Mota.app; sourceTree = BUILT_PRODUCTS_DIR; };
		8469DE282B582E6900D617D2 /* MotaApp.swift */ = {isa = PBXFileReference; lastKnownFileType = sourcecode.swift; path = MotaApp.swift; sourceTree = "<group>"; };
		8469DE2C2B582E6D00D617D2 /* Assets.xcassets */ = {isa = PBXFileReference; lastKnownFileType = folder.assetcatalog; path = Assets.xcassets; sourceTree = "<group>"; };
		8469DE2F2B582E6D00D617D2 /* Preview Assets.xcassets */ = {isa = PBXFileReference; lastKnownFileType = folder.assetcatalog; path = "Preview Assets.xcassets"; sourceTree = "<group>"; };
		8469DE352B582E6D00D617D2 /* MotaTests.xctest */ = {isa = PBXFileReference; explicitFileType = wrapper.cfbundle; includeInIndex = 0; path = MotaTests.xctest; sourceTree = BUILT_PRODUCTS_DIR; };
		8469DE392B582E6D00D617D2 /* MotaUnitTests.swift */ = {isa = PBXFileReference; lastKnownFileType = sourcecode.swift; path = MotaUnitTests.swift; sourceTree = "<group>"; };
		8469DE3F2B582E6D00D617D2 /* MotaUITests.xctest */ = {isa = PBXFileReference; explicitFileType = wrapper.cfbundle; includeInIndex = 0; path = MotaUITests.xctest; sourceTree = BUILT_PRODUCTS_DIR; };
		8469DE432B582E6D00D617D2 /* LoginUITests.swift */ = {isa = PBXFileReference; lastKnownFileType = sourcecode.swift; path = LoginUITests.swift; sourceTree = "<group>"; };
		8469DE452B582E6D00D617D2 /* MotaUITestsLaunchTests.swift */ = {isa = PBXFileReference; lastKnownFileType = sourcecode.swift; path = MotaUITestsLaunchTests.swift; sourceTree = "<group>"; };
		8469DE5E2B58409800D617D2 /* GoogleService-Info.plist */ = {isa = PBXFileReference; fileEncoding = 4; lastKnownFileType = text.plist.xml; path = "GoogleService-Info.plist"; sourceTree = "<group>"; };
		8469DE6C2B5ABDC100D617D2 /* LoginPageObject.swift */ = {isa = PBXFileReference; lastKnownFileType = sourcecode.swift; path = LoginPageObject.swift; sourceTree = "<group>"; };
		8469DE6E2B5AC57B00D617D2 /* SignupPageObject.swift */ = {isa = PBXFileReference; lastKnownFileType = sourcecode.swift; path = SignupPageObject.swift; sourceTree = "<group>"; };
		8469DE702B5AC7A500D617D2 /* UITestCase.swift */ = {isa = PBXFileReference; lastKnownFileType = sourcecode.swift; path = UITestCase.swift; sourceTree = "<group>"; };
		8469DE752B5AD65300D617D2 /* FirebaseAuthMock.swift */ = {isa = PBXFileReference; lastKnownFileType = sourcecode.swift; path = FirebaseAuthMock.swift; sourceTree = "<group>"; };
		8469DE7F2B5AF6CC00D617D2 /* LoginViewModel.swift */ = {isa = PBXFileReference; lastKnownFileType = sourcecode.swift; path = LoginViewModel.swift; sourceTree = "<group>"; };
		8469DE812B5AF75400D617D2 /* LoginView.swift */ = {isa = PBXFileReference; lastKnownFileType = sourcecode.swift; path = LoginView.swift; sourceTree = "<group>"; };
		8469DE892B5C510100D617D2 /* HomeView.swift */ = {isa = PBXFileReference; lastKnownFileType = sourcecode.swift; path = HomeView.swift; sourceTree = "<group>"; };
		8469DE8E2B5C53C200D617D2 /* UserViewModel.swift */ = {isa = PBXFileReference; lastKnownFileType = sourcecode.swift; path = UserViewModel.swift; sourceTree = "<group>"; };
		8469DE902B5C54D000D617D2 /* UserView.swift */ = {isa = PBXFileReference; lastKnownFileType = sourcecode.swift; path = UserView.swift; sourceTree = "<group>"; };
		8469DE922B5D646E00D617D2 /* SignupView.swift */ = {isa = PBXFileReference; lastKnownFileType = sourcecode.swift; path = SignupView.swift; sourceTree = "<group>"; };
		8469DE942B5D6B0A00D617D2 /* AuthenticationView.swift */ = {isa = PBXFileReference; lastKnownFileType = sourcecode.swift; path = AuthenticationView.swift; sourceTree = "<group>"; };
		847E349E2B6A8F890004864D /* ExerciseData.swift */ = {isa = PBXFileReference; lastKnownFileType = sourcecode.swift; path = ExerciseData.swift; sourceTree = "<group>"; };
		84C5ACF62B6173A10002AAE3 /* HomePageObject.swift */ = {isa = PBXFileReference; lastKnownFileType = sourcecode.swift; path = HomePageObject.swift; sourceTree = "<group>"; };
		84C5ACF92B61859E0002AAE3 /* SpringBoard.swift */ = {isa = PBXFileReference; lastKnownFileType = sourcecode.swift; path = SpringBoard.swift; sourceTree = "<group>"; };
		84C5ACFC2B6348C30002AAE3 /* AppUser.swift */ = {isa = PBXFileReference; lastKnownFileType = sourcecode.swift; path = AppUser.swift; sourceTree = "<group>"; };
		84C5ACFE2B6349080002AAE3 /* AuthenticationService.swift */ = {isa = PBXFileReference; lastKnownFileType = sourcecode.swift; path = AuthenticationService.swift; sourceTree = "<group>"; };
		84C5AD002B634A450002AAE3 /* FirebaseAuthService.swift */ = {isa = PBXFileReference; lastKnownFileType = sourcecode.swift; path = FirebaseAuthService.swift; sourceTree = "<group>"; };
		84C5AD022B640D640002AAE3 /* HomeViewModel.swift */ = {isa = PBXFileReference; lastKnownFileType = sourcecode.swift; path = HomeViewModel.swift; sourceTree = "<group>"; };
		84C5AD042B64657A0002AAE3 /* MockAuthService.swift */ = {isa = PBXFileReference; lastKnownFileType = sourcecode.swift; path = MockAuthService.swift; sourceTree = "<group>"; };
		84C5AD062B65693C0002AAE3 /* EndToEndTestCase.swift */ = {isa = PBXFileReference; lastKnownFileType = sourcecode.swift; path = EndToEndTestCase.swift; sourceTree = "<group>"; };
		84C5AD092B656A170002AAE3 /* LoginEndToEndTests.swift */ = {isa = PBXFileReference; lastKnownFileType = sourcecode.swift; path = LoginEndToEndTests.swift; sourceTree = "<group>"; };
		84C5AD0C2B65C9890002AAE3 /* String+Ext.swift */ = {isa = PBXFileReference; lastKnownFileType = sourcecode.swift; path = "String+Ext.swift"; sourceTree = "<group>"; };
		84C5AD0E2B6822840002AAE3 /* FeedView.swift */ = {isa = PBXFileReference; lastKnownFileType = sourcecode.swift; path = FeedView.swift; sourceTree = "<group>"; };
		84C5AD102B6822F00002AAE3 /* FeedViewModel.swift */ = {isa = PBXFileReference; lastKnownFileType = sourcecode.swift; path = FeedViewModel.swift; sourceTree = "<group>"; };
		84C5AD122B68266C0002AAE3 /* EditWorkoutView.swift */ = {isa = PBXFileReference; lastKnownFileType = sourcecode.swift; path = EditWorkoutView.swift; sourceTree = "<group>"; };
		84C5AD142B682F550002AAE3 /* AddExerciseView.swift */ = {isa = PBXFileReference; lastKnownFileType = sourcecode.swift; path = AddExerciseView.swift; sourceTree = "<group>"; };
		84C5AD172B6962750002AAE3 /* ExerciseRowView.swift */ = {isa = PBXFileReference; lastKnownFileType = sourcecode.swift; path = ExerciseRowView.swift; sourceTree = "<group>"; };
		84C5AD192B6963210002AAE3 /* exercises.json */ = {isa = PBXFileReference; fileEncoding = 4; lastKnownFileType = text.json; path = exercises.json; sourceTree = "<group>"; };
		84C5AD1C2B69635B0002AAE3 /* Exercise.swift */ = {isa = PBXFileReference; lastKnownFileType = sourcecode.swift; path = Exercise.swift; sourceTree = "<group>"; };
		84C5AD1E2B69677A0002AAE3 /* ExerciseTests.swift */ = {isa = PBXFileReference; lastKnownFileType = sourcecode.swift; path = ExerciseTests.swift; sourceTree = "<group>"; };
		84D045882B6AAA19005CA5BE /* ExerciseDetailView.swift */ = {isa = PBXFileReference; lastKnownFileType = sourcecode.swift; path = ExerciseDetailView.swift; sourceTree = "<group>"; };
		84DD2D9A2B60086300633123 /* EmailTextField.swift */ = {isa = PBXFileReference; lastKnownFileType = sourcecode.swift; path = EmailTextField.swift; sourceTree = "<group>"; };
		84DD2D9C2B600D1A00633123 /* PasswordSecureField.swift */ = {isa = PBXFileReference; lastKnownFileType = sourcecode.swift; path = PasswordSecureField.swift; sourceTree = "<group>"; };
		84DD2D9E2B60199600633123 /* ResetPasswordView.swift */ = {isa = PBXFileReference; lastKnownFileType = sourcecode.swift; path = ResetPasswordView.swift; sourceTree = "<group>"; };
		84DE653E2B7276FD009A9D40 /* WorkoutTests.swift */ = {isa = PBXFileReference; lastKnownFileType = sourcecode.swift; path = WorkoutTests.swift; sourceTree = "<group>"; };
		84DE65402B72784B009A9D40 /* Workout.swift */ = {isa = PBXFileReference; lastKnownFileType = sourcecode.swift; path = Workout.swift; sourceTree = "<group>"; };
/* End PBXFileReference section */

/* Begin PBXFrameworksBuildPhase section */
		8469DE222B582E6900D617D2 /* Frameworks */ = {
			isa = PBXFrameworksBuildPhase;
			buildActionMask = 2147483647;
			files = (
				8469DE642B58432200D617D2 /* FirebaseAnalyticsSwift in Frameworks */,
				8469DE672B5845DA00D617D2 /* FirebaseAuth in Frameworks */,
				8469DE622B58432200D617D2 /* FirebaseAnalytics in Frameworks */,
			);
			runOnlyForDeploymentPostprocessing = 0;
		};
		8469DE322B582E6D00D617D2 /* Frameworks */ = {
			isa = PBXFrameworksBuildPhase;
			buildActionMask = 2147483647;
			files = (
			);
			runOnlyForDeploymentPostprocessing = 0;
		};
		8469DE3C2B582E6D00D617D2 /* Frameworks */ = {
			isa = PBXFrameworksBuildPhase;
			buildActionMask = 2147483647;
			files = (
			);
			runOnlyForDeploymentPostprocessing = 0;
		};
/* End PBXFrameworksBuildPhase section */

/* Begin PBXGroup section */
		8469DE1C2B582E6900D617D2 = {
			isa = PBXGroup;
			children = (
				8469DE272B582E6900D617D2 /* Mota */,
				8469DE382B582E6D00D617D2 /* MotaUnitTests */,
				8469DE422B582E6D00D617D2 /* MotaUITests */,
				8469DE262B582E6900D617D2 /* Products */,
				8469DE652B5845DA00D617D2 /* Frameworks */,
			);
			sourceTree = "<group>";
		};
		8469DE262B582E6900D617D2 /* Products */ = {
			isa = PBXGroup;
			children = (
				8469DE252B582E6900D617D2 /* Mota.app */,
				8469DE352B582E6D00D617D2 /* MotaTests.xctest */,
				8469DE3F2B582E6D00D617D2 /* MotaUITests.xctest */,
			);
			name = Products;
			sourceTree = "<group>";
		};
		8469DE272B582E6900D617D2 /* Mota */ = {
			isa = PBXGroup;
			children = (
				84C5AD192B6963210002AAE3 /* exercises.json */,
				8469DE282B582E6900D617D2 /* MotaApp.swift */,
				84C5AD0B2B65C97B0002AAE3 /* Utils */,
				84DD2D992B6007A500633123 /* Common Views */,
				8469DE7B2B5AF60C00D617D2 /* Auth */,
				8469DE8B2B5C52E400D617D2 /* Home */,
				8469DE2C2B582E6D00D617D2 /* Assets.xcassets */,
				8469DE5E2B58409800D617D2 /* GoogleService-Info.plist */,
				8469DE2E2B582E6D00D617D2 /* Preview Content */,
			);
			path = Mota;
			sourceTree = "<group>";
		};
		8469DE2E2B582E6D00D617D2 /* Preview Content */ = {
			isa = PBXGroup;
			children = (
				8469DE2F2B582E6D00D617D2 /* Preview Assets.xcassets */,
			);
			path = "Preview Content";
			sourceTree = "<group>";
		};
		8469DE382B582E6D00D617D2 /* MotaUnitTests */ = {
			isa = PBXGroup;
			children = (
				8469DE392B582E6D00D617D2 /* MotaUnitTests.swift */,
				84C5AD1E2B69677A0002AAE3 /* ExerciseTests.swift */,
				84DE653E2B7276FD009A9D40 /* WorkoutTests.swift */,
			);
			path = MotaUnitTests;
			sourceTree = "<group>";
		};
		8469DE422B582E6D00D617D2 /* MotaUITests */ = {
			isa = PBXGroup;
			children = (
				84C5ACF82B61858D0002AAE3 /* Utils */,
				8469DE6B2B5ABB1500D617D2 /* Mocks */,
				8469DE6A2B5ABB0900D617D2 /* Page Objects */,
				84C5AD082B6569990002AAE3 /* LoginTests */,
				8469DE452B582E6D00D617D2 /* MotaUITestsLaunchTests.swift */,
			);
			path = MotaUITests;
			sourceTree = "<group>";
		};
		8469DE652B5845DA00D617D2 /* Frameworks */ = {
			isa = PBXGroup;
			children = (
			);
			name = Frameworks;
			sourceTree = "<group>";
		};
		8469DE6A2B5ABB0900D617D2 /* Page Objects */ = {
			isa = PBXGroup;
			children = (
				8469DE6C2B5ABDC100D617D2 /* LoginPageObject.swift */,
				8469DE6E2B5AC57B00D617D2 /* SignupPageObject.swift */,
				84C5ACF62B6173A10002AAE3 /* HomePageObject.swift */,
			);
			path = "Page Objects";
			sourceTree = "<group>";
		};
		8469DE6B2B5ABB1500D617D2 /* Mocks */ = {
			isa = PBXGroup;
			children = (
				8469DE752B5AD65300D617D2 /* FirebaseAuthMock.swift */,
			);
			path = Mocks;
			sourceTree = "<group>";
		};
		8469DE7B2B5AF60C00D617D2 /* Auth */ = {
			isa = PBXGroup;
			children = (
				84C5ACFB2B6348B10002AAE3 /* Model */,
				8469DE7E2B5AF62B00D617D2 /* ViewModel */,
				8469DE7D2B5AF62000D617D2 /* View */,
				8469DE7C2B5AF61500D617D2 /* Service */,
			);
			path = Auth;
			sourceTree = "<group>";
		};
		8469DE7C2B5AF61500D617D2 /* Service */ = {
			isa = PBXGroup;
			children = (
				84C5ACFE2B6349080002AAE3 /* AuthenticationService.swift */,
				84C5AD002B634A450002AAE3 /* FirebaseAuthService.swift */,
				84C5AD042B64657A0002AAE3 /* MockAuthService.swift */,
			);
			path = Service;
			sourceTree = "<group>";
		};
		8469DE7D2B5AF62000D617D2 /* View */ = {
			isa = PBXGroup;
			children = (
				8469DE812B5AF75400D617D2 /* LoginView.swift */,
				8469DE922B5D646E00D617D2 /* SignupView.swift */,
				8469DE942B5D6B0A00D617D2 /* AuthenticationView.swift */,
				84DD2D9E2B60199600633123 /* ResetPasswordView.swift */,
			);
			path = View;
			sourceTree = "<group>";
		};
		8469DE7E2B5AF62B00D617D2 /* ViewModel */ = {
			isa = PBXGroup;
			children = (
				8469DE7F2B5AF6CC00D617D2 /* LoginViewModel.swift */,
			);
			path = ViewModel;
			sourceTree = "<group>";
		};
		8469DE8B2B5C52E400D617D2 /* Home */ = {
			isa = PBXGroup;
			children = (
				84C5AD1B2B6963490002AAE3 /* Model */,
				8469DE8D2B5C530A00D617D2 /* View */,
				8469DE8C2B5C530100D617D2 /* ViewModel */,
			);
			path = Home;
			sourceTree = "<group>";
		};
		8469DE8C2B5C530100D617D2 /* ViewModel */ = {
			isa = PBXGroup;
			children = (
				8469DE8E2B5C53C200D617D2 /* UserViewModel.swift */,
				84C5AD022B640D640002AAE3 /* HomeViewModel.swift */,
				84C5AD102B6822F00002AAE3 /* FeedViewModel.swift */,
			);
			path = ViewModel;
			sourceTree = "<group>";
		};
		8469DE8D2B5C530A00D617D2 /* View */ = {
			isa = PBXGroup;
			children = (
				84C5AD162B6830320002AAE3 /* EditWorkout */,
				8469DE892B5C510100D617D2 /* HomeView.swift */,
				8469DE902B5C54D000D617D2 /* UserView.swift */,
				84C5AD0E2B6822840002AAE3 /* FeedView.swift */,
			);
			path = View;
			sourceTree = "<group>";
		};
		84C5ACF82B61858D0002AAE3 /* Utils */ = {
			isa = PBXGroup;
			children = (
				84C5ACF92B61859E0002AAE3 /* SpringBoard.swift */,
			);
			path = Utils;
			sourceTree = "<group>";
		};
		84C5ACFB2B6348B10002AAE3 /* Model */ = {
			isa = PBXGroup;
			children = (
				84C5ACFC2B6348C30002AAE3 /* AppUser.swift */,
			);
			path = Model;
			sourceTree = "<group>";
		};
		84C5AD082B6569990002AAE3 /* LoginTests */ = {
			isa = PBXGroup;
			children = (
				8469DE432B582E6D00D617D2 /* LoginUITests.swift */,
				84C5AD092B656A170002AAE3 /* LoginEndToEndTests.swift */,
				8469DE702B5AC7A500D617D2 /* UITestCase.swift */,
				84C5AD062B65693C0002AAE3 /* EndToEndTestCase.swift */,
			);
			path = LoginTests;
			sourceTree = "<group>";
		};
		84C5AD0B2B65C97B0002AAE3 /* Utils */ = {
			isa = PBXGroup;
			children = (
				84C5AD0C2B65C9890002AAE3 /* String+Ext.swift */,
			);
			path = Utils;
			sourceTree = "<group>";
		};
		84C5AD162B6830320002AAE3 /* EditWorkout */ = {
			isa = PBXGroup;
			children = (
				84C5AD122B68266C0002AAE3 /* EditWorkoutView.swift */,
				84C5AD142B682F550002AAE3 /* AddExerciseView.swift */,
				84C5AD172B6962750002AAE3 /* ExerciseRowView.swift */,
				84D045882B6AAA19005CA5BE /* ExerciseDetailView.swift */,
				8440DCE82B6C61DA006D4EFC /* EditSetView.swift */,
			);
			path = EditWorkout;
			sourceTree = "<group>";
		};
		84C5AD1B2B6963490002AAE3 /* Model */ = {
			isa = PBXGroup;
			children = (
				84C5AD1C2B69635B0002AAE3 /* Exercise.swift */,
				847E349E2B6A8F890004864D /* ExerciseData.swift */,
				84DE65402B72784B009A9D40 /* Workout.swift */,
			);
			path = Model;
			sourceTree = "<group>";
		};
		84DD2D992B6007A500633123 /* Common Views */ = {
			isa = PBXGroup;
			children = (
				84DD2D9A2B60086300633123 /* EmailTextField.swift */,
				84DD2D9C2B600D1A00633123 /* PasswordSecureField.swift */,
			);
			path = "Common Views";
			sourceTree = "<group>";
		};
/* End PBXGroup section */

/* Begin PBXNativeTarget section */
		8469DE242B582E6900D617D2 /* Mota */ = {
			isa = PBXNativeTarget;
			buildConfigurationList = 8469DE492B582E6D00D617D2 /* Build configuration list for PBXNativeTarget "Mota" */;
			buildPhases = (
				8469DE212B582E6900D617D2 /* Sources */,
				8469DE222B582E6900D617D2 /* Frameworks */,
				8469DE232B582E6900D617D2 /* Resources */,
			);
			buildRules = (
			);
			dependencies = (
			);
			name = Mota;
			packageProductDependencies = (
				8469DE612B58432200D617D2 /* FirebaseAnalytics */,
				8469DE632B58432200D617D2 /* FirebaseAnalyticsSwift */,
				8469DE662B5845DA00D617D2 /* FirebaseAuth */,
			);
			productName = Mota;
			productReference = 8469DE252B582E6900D617D2 /* Mota.app */;
			productType = "com.apple.product-type.application";
		};
		8469DE342B582E6D00D617D2 /* MotaTests */ = {
			isa = PBXNativeTarget;
			buildConfigurationList = 8469DE4C2B582E6D00D617D2 /* Build configuration list for PBXNativeTarget "MotaTests" */;
			buildPhases = (
				8469DE312B582E6D00D617D2 /* Sources */,
				8469DE322B582E6D00D617D2 /* Frameworks */,
				8469DE332B582E6D00D617D2 /* Resources */,
			);
			buildRules = (
			);
			dependencies = (
				8469DE372B582E6D00D617D2 /* PBXTargetDependency */,
			);
			name = MotaTests;
			productName = MotaTests;
			productReference = 8469DE352B582E6D00D617D2 /* MotaTests.xctest */;
			productType = "com.apple.product-type.bundle.unit-test";
		};
		8469DE3E2B582E6D00D617D2 /* MotaUITests */ = {
			isa = PBXNativeTarget;
			buildConfigurationList = 8469DE4F2B582E6D00D617D2 /* Build configuration list for PBXNativeTarget "MotaUITests" */;
			buildPhases = (
				8469DE3B2B582E6D00D617D2 /* Sources */,
				8469DE3C2B582E6D00D617D2 /* Frameworks */,
				8469DE3D2B582E6D00D617D2 /* Resources */,
			);
			buildRules = (
			);
			dependencies = (
				8469DE412B582E6D00D617D2 /* PBXTargetDependency */,
			);
			name = MotaUITests;
			productName = MotaUITests;
			productReference = 8469DE3F2B582E6D00D617D2 /* MotaUITests.xctest */;
			productType = "com.apple.product-type.bundle.ui-testing";
		};
/* End PBXNativeTarget section */

/* Begin PBXProject section */
		8469DE1D2B582E6900D617D2 /* Project object */ = {
			isa = PBXProject;
			attributes = {
				BuildIndependentTargetsInParallel = 1;
				LastSwiftUpdateCheck = 1520;
				LastUpgradeCheck = 1520;
				TargetAttributes = {
					8469DE242B582E6900D617D2 = {
						CreatedOnToolsVersion = 15.2;
					};
					8469DE342B582E6D00D617D2 = {
						CreatedOnToolsVersion = 15.2;
						TestTargetID = 8469DE242B582E6900D617D2;
					};
					8469DE3E2B582E6D00D617D2 = {
						CreatedOnToolsVersion = 15.2;
						TestTargetID = 8469DE242B582E6900D617D2;
					};
				};
			};
			buildConfigurationList = 8469DE202B582E6900D617D2 /* Build configuration list for PBXProject "Mota" */;
			compatibilityVersion = "Xcode 14.0";
			developmentRegion = en;
			hasScannedForEncodings = 0;
			knownRegions = (
				en,
				Base,
			);
			mainGroup = 8469DE1C2B582E6900D617D2;
			packageReferences = (
				8469DE602B58432200D617D2 /* XCRemoteSwiftPackageReference "firebase-ios-sdk" */,
			);
			productRefGroup = 8469DE262B582E6900D617D2 /* Products */;
			projectDirPath = "";
			projectRoot = "";
			targets = (
				8469DE242B582E6900D617D2 /* Mota */,
				8469DE342B582E6D00D617D2 /* MotaTests */,
				8469DE3E2B582E6D00D617D2 /* MotaUITests */,
			);
		};
/* End PBXProject section */

/* Begin PBXResourcesBuildPhase section */
		8469DE232B582E6900D617D2 /* Resources */ = {
			isa = PBXResourcesBuildPhase;
			buildActionMask = 2147483647;
			files = (
				8469DE302B582E6D00D617D2 /* Preview Assets.xcassets in Resources */,
				84C5AD1A2B6963210002AAE3 /* exercises.json in Resources */,
				8469DE5F2B58409900D617D2 /* GoogleService-Info.plist in Resources */,
				8469DE2D2B582E6D00D617D2 /* Assets.xcassets in Resources */,
			);
			runOnlyForDeploymentPostprocessing = 0;
		};
		8469DE332B582E6D00D617D2 /* Resources */ = {
			isa = PBXResourcesBuildPhase;
			buildActionMask = 2147483647;
			files = (
			);
			runOnlyForDeploymentPostprocessing = 0;
		};
		8469DE3D2B582E6D00D617D2 /* Resources */ = {
			isa = PBXResourcesBuildPhase;
			buildActionMask = 2147483647;
			files = (
			);
			runOnlyForDeploymentPostprocessing = 0;
		};
/* End PBXResourcesBuildPhase section */

/* Begin PBXSourcesBuildPhase section */
		8469DE212B582E6900D617D2 /* Sources */ = {
			isa = PBXSourcesBuildPhase;
			buildActionMask = 2147483647;
			files = (
				8469DE952B5D6B0A00D617D2 /* AuthenticationView.swift in Sources */,
				84C5AD032B640D640002AAE3 /* HomeViewModel.swift in Sources */,
				84C5ACFD2B6348C30002AAE3 /* AppUser.swift in Sources */,
				84D045892B6AAA19005CA5BE /* ExerciseDetailView.swift in Sources */,
				8469DE8A2B5C510100D617D2 /* HomeView.swift in Sources */,
				84C5AD182B6962750002AAE3 /* ExerciseRowView.swift in Sources */,
				8469DE912B5C54D000D617D2 /* UserView.swift in Sources */,
				8469DE822B5AF75400D617D2 /* LoginView.swift in Sources */,
				84C5ACFF2B6349080002AAE3 /* AuthenticationService.swift in Sources */,
				84DD2D9B2B60086300633123 /* EmailTextField.swift in Sources */,
				84C5AD0F2B6822840002AAE3 /* FeedView.swift in Sources */,
				8469DE772B5ADDC400D617D2 /* FirebaseAuthMock.swift in Sources */,
				84C5AD112B6822F00002AAE3 /* FeedViewModel.swift in Sources */,
				8469DE802B5AF6CC00D617D2 /* LoginViewModel.swift in Sources */,
				84C5AD132B68266C0002AAE3 /* EditWorkoutView.swift in Sources */,
				8440DCE92B6C61DA006D4EFC /* EditSetView.swift in Sources */,
				84C5AD012B634A450002AAE3 /* FirebaseAuthService.swift in Sources */,
				847E349F2B6A8F890004864D /* ExerciseData.swift in Sources */,
				84C5AD152B682F550002AAE3 /* AddExerciseView.swift in Sources */,
				84DD2D9F2B60199600633123 /* ResetPasswordView.swift in Sources */,
				84C5AD1D2B69635B0002AAE3 /* Exercise.swift in Sources */,
				8469DE932B5D646E00D617D2 /* SignupView.swift in Sources */,
				8469DE8F2B5C53C200D617D2 /* UserViewModel.swift in Sources */,
				84DE65412B72784B009A9D40 /* Workout.swift in Sources */,
				84C5AD052B64657A0002AAE3 /* MockAuthService.swift in Sources */,
				84DD2D9D2B600D1A00633123 /* PasswordSecureField.swift in Sources */,
				84C5AD0D2B65C9890002AAE3 /* String+Ext.swift in Sources */,
				8469DE292B582E6900D617D2 /* MotaApp.swift in Sources */,
			);
			runOnlyForDeploymentPostprocessing = 0;
		};
		8469DE312B582E6D00D617D2 /* Sources */ = {
			isa = PBXSourcesBuildPhase;
			buildActionMask = 2147483647;
			files = (
				8469DE3A2B582E6D00D617D2 /* MotaUnitTests.swift in Sources */,
				84C5AD1F2B69677A0002AAE3 /* ExerciseTests.swift in Sources */,
				84DE653F2B7276FD009A9D40 /* WorkoutTests.swift in Sources */,
			);
			runOnlyForDeploymentPostprocessing = 0;
		};
		8469DE3B2B582E6D00D617D2 /* Sources */ = {
			isa = PBXSourcesBuildPhase;
			buildActionMask = 2147483647;
			files = (
				8469DE762B5AD65300D617D2 /* FirebaseAuthMock.swift in Sources */,
				8469DE442B582E6D00D617D2 /* LoginUITests.swift in Sources */,
				84C5AD0A2B656A170002AAE3 /* LoginEndToEndTests.swift in Sources */,
				8469DE462B582E6D00D617D2 /* MotaUITestsLaunchTests.swift in Sources */,
				8469DE6D2B5ABDC100D617D2 /* LoginPageObject.swift in Sources */,
				8469DE712B5AC7A500D617D2 /* UITestCase.swift in Sources */,
				84C5ACF72B6173A10002AAE3 /* HomePageObject.swift in Sources */,
				8469DE6F2B5AC57B00D617D2 /* SignupPageObject.swift in Sources */,
				84C5AD072B65693C0002AAE3 /* EndToEndTestCase.swift in Sources */,
				84C5ACFA2B61859E0002AAE3 /* SpringBoard.swift in Sources */,
			);
			runOnlyForDeploymentPostprocessing = 0;
		};
/* End PBXSourcesBuildPhase section */

/* Begin PBXTargetDependency section */
		8469DE372B582E6D00D617D2 /* PBXTargetDependency */ = {
			isa = PBXTargetDependency;
			target = 8469DE242B582E6900D617D2 /* Mota */;
			targetProxy = 8469DE362B582E6D00D617D2 /* PBXContainerItemProxy */;
		};
		8469DE412B582E6D00D617D2 /* PBXTargetDependency */ = {
			isa = PBXTargetDependency;
			target = 8469DE242B582E6900D617D2 /* Mota */;
			targetProxy = 8469DE402B582E6D00D617D2 /* PBXContainerItemProxy */;
		};
/* End PBXTargetDependency section */

/* Begin XCBuildConfiguration section */
		8469DE472B582E6D00D617D2 /* Debug */ = {
			isa = XCBuildConfiguration;
			buildSettings = {
				ALWAYS_SEARCH_USER_PATHS = NO;
				ASSETCATALOG_COMPILER_GENERATE_SWIFT_ASSET_SYMBOL_EXTENSIONS = YES;
				CLANG_ANALYZER_NONNULL = YES;
				CLANG_ANALYZER_NUMBER_OBJECT_CONVERSION = YES_AGGRESSIVE;
				CLANG_CXX_LANGUAGE_STANDARD = "gnu++20";
				CLANG_ENABLE_MODULES = YES;
				CLANG_ENABLE_OBJC_ARC = YES;
				CLANG_ENABLE_OBJC_WEAK = YES;
				CLANG_WARN_BLOCK_CAPTURE_AUTORELEASING = YES;
				CLANG_WARN_BOOL_CONVERSION = YES;
				CLANG_WARN_COMMA = YES;
				CLANG_WARN_CONSTANT_CONVERSION = YES;
				CLANG_WARN_DEPRECATED_OBJC_IMPLEMENTATIONS = YES;
				CLANG_WARN_DIRECT_OBJC_ISA_USAGE = YES_ERROR;
				CLANG_WARN_DOCUMENTATION_COMMENTS = YES;
				CLANG_WARN_EMPTY_BODY = YES;
				CLANG_WARN_ENUM_CONVERSION = YES;
				CLANG_WARN_INFINITE_RECURSION = YES;
				CLANG_WARN_INT_CONVERSION = YES;
				CLANG_WARN_NON_LITERAL_NULL_CONVERSION = YES;
				CLANG_WARN_OBJC_IMPLICIT_RETAIN_SELF = YES;
				CLANG_WARN_OBJC_LITERAL_CONVERSION = YES;
				CLANG_WARN_OBJC_ROOT_CLASS = YES_ERROR;
				CLANG_WARN_QUOTED_INCLUDE_IN_FRAMEWORK_HEADER = YES;
				CLANG_WARN_RANGE_LOOP_ANALYSIS = YES;
				CLANG_WARN_STRICT_PROTOTYPES = YES;
				CLANG_WARN_SUSPICIOUS_MOVE = YES;
				CLANG_WARN_UNGUARDED_AVAILABILITY = YES_AGGRESSIVE;
				CLANG_WARN_UNREACHABLE_CODE = YES;
				CLANG_WARN__DUPLICATE_METHOD_MATCH = YES;
				COPY_PHASE_STRIP = NO;
				DEBUG_INFORMATION_FORMAT = dwarf;
				ENABLE_STRICT_OBJC_MSGSEND = YES;
				ENABLE_TESTABILITY = YES;
				ENABLE_USER_SCRIPT_SANDBOXING = YES;
				GCC_C_LANGUAGE_STANDARD = gnu17;
				GCC_DYNAMIC_NO_PIC = NO;
				GCC_NO_COMMON_BLOCKS = YES;
				GCC_OPTIMIZATION_LEVEL = 0;
				GCC_PREPROCESSOR_DEFINITIONS = (
					"DEBUG=1",
					"$(inherited)",
				);
				GCC_WARN_64_TO_32_BIT_CONVERSION = YES;
				GCC_WARN_ABOUT_RETURN_TYPE = YES_ERROR;
				GCC_WARN_UNDECLARED_SELECTOR = YES;
				GCC_WARN_UNINITIALIZED_AUTOS = YES_AGGRESSIVE;
				GCC_WARN_UNUSED_FUNCTION = YES;
				GCC_WARN_UNUSED_VARIABLE = YES;
				IPHONEOS_DEPLOYMENT_TARGET = 17.2;
				LOCALIZATION_PREFERS_STRING_CATALOGS = YES;
				MTL_ENABLE_DEBUG_INFO = INCLUDE_SOURCE;
				MTL_FAST_MATH = YES;
				ONLY_ACTIVE_ARCH = YES;
				SDKROOT = iphoneos;
				SWIFT_ACTIVE_COMPILATION_CONDITIONS = "DEBUG $(inherited)";
				SWIFT_OPTIMIZATION_LEVEL = "-Onone";
			};
			name = Debug;
		};
		8469DE482B582E6D00D617D2 /* Release */ = {
			isa = XCBuildConfiguration;
			buildSettings = {
				ALWAYS_SEARCH_USER_PATHS = NO;
				ASSETCATALOG_COMPILER_GENERATE_SWIFT_ASSET_SYMBOL_EXTENSIONS = YES;
				CLANG_ANALYZER_NONNULL = YES;
				CLANG_ANALYZER_NUMBER_OBJECT_CONVERSION = YES_AGGRESSIVE;
				CLANG_CXX_LANGUAGE_STANDARD = "gnu++20";
				CLANG_ENABLE_MODULES = YES;
				CLANG_ENABLE_OBJC_ARC = YES;
				CLANG_ENABLE_OBJC_WEAK = YES;
				CLANG_WARN_BLOCK_CAPTURE_AUTORELEASING = YES;
				CLANG_WARN_BOOL_CONVERSION = YES;
				CLANG_WARN_COMMA = YES;
				CLANG_WARN_CONSTANT_CONVERSION = YES;
				CLANG_WARN_DEPRECATED_OBJC_IMPLEMENTATIONS = YES;
				CLANG_WARN_DIRECT_OBJC_ISA_USAGE = YES_ERROR;
				CLANG_WARN_DOCUMENTATION_COMMENTS = YES;
				CLANG_WARN_EMPTY_BODY = YES;
				CLANG_WARN_ENUM_CONVERSION = YES;
				CLANG_WARN_INFINITE_RECURSION = YES;
				CLANG_WARN_INT_CONVERSION = YES;
				CLANG_WARN_NON_LITERAL_NULL_CONVERSION = YES;
				CLANG_WARN_OBJC_IMPLICIT_RETAIN_SELF = YES;
				CLANG_WARN_OBJC_LITERAL_CONVERSION = YES;
				CLANG_WARN_OBJC_ROOT_CLASS = YES_ERROR;
				CLANG_WARN_QUOTED_INCLUDE_IN_FRAMEWORK_HEADER = YES;
				CLANG_WARN_RANGE_LOOP_ANALYSIS = YES;
				CLANG_WARN_STRICT_PROTOTYPES = YES;
				CLANG_WARN_SUSPICIOUS_MOVE = YES;
				CLANG_WARN_UNGUARDED_AVAILABILITY = YES_AGGRESSIVE;
				CLANG_WARN_UNREACHABLE_CODE = YES;
				CLANG_WARN__DUPLICATE_METHOD_MATCH = YES;
				COPY_PHASE_STRIP = NO;
				DEBUG_INFORMATION_FORMAT = "dwarf-with-dsym";
				ENABLE_NS_ASSERTIONS = NO;
				ENABLE_STRICT_OBJC_MSGSEND = YES;
				ENABLE_USER_SCRIPT_SANDBOXING = YES;
				GCC_C_LANGUAGE_STANDARD = gnu17;
				GCC_NO_COMMON_BLOCKS = YES;
				GCC_WARN_64_TO_32_BIT_CONVERSION = YES;
				GCC_WARN_ABOUT_RETURN_TYPE = YES_ERROR;
				GCC_WARN_UNDECLARED_SELECTOR = YES;
				GCC_WARN_UNINITIALIZED_AUTOS = YES_AGGRESSIVE;
				GCC_WARN_UNUSED_FUNCTION = YES;
				GCC_WARN_UNUSED_VARIABLE = YES;
				IPHONEOS_DEPLOYMENT_TARGET = 17.2;
				LOCALIZATION_PREFERS_STRING_CATALOGS = YES;
				MTL_ENABLE_DEBUG_INFO = NO;
				MTL_FAST_MATH = YES;
				SDKROOT = iphoneos;
				SWIFT_COMPILATION_MODE = wholemodule;
				VALIDATE_PRODUCT = YES;
			};
			name = Release;
		};
		8469DE4A2B582E6D00D617D2 /* Debug */ = {
			isa = XCBuildConfiguration;
			buildSettings = {
				ASSETCATALOG_COMPILER_APPICON_NAME = AppIcon;
				ASSETCATALOG_COMPILER_GLOBAL_ACCENT_COLOR_NAME = AccentColor;
				CODE_SIGN_STYLE = Automatic;
				CURRENT_PROJECT_VERSION = 1;
				DEVELOPMENT_ASSET_PATHS = "\"Mota/Preview Content\"";
				DEVELOPMENT_TEAM = B8JM9B93DS;
				ENABLE_PREVIEWS = YES;
				GENERATE_INFOPLIST_FILE = YES;
				INFOPLIST_KEY_UIApplicationSceneManifest_Generation = YES;
				INFOPLIST_KEY_UIApplicationSupportsIndirectInputEvents = YES;
				INFOPLIST_KEY_UILaunchScreen_Generation = YES;
				INFOPLIST_KEY_UISupportedInterfaceOrientations_iPad = "UIInterfaceOrientationPortrait UIInterfaceOrientationPortraitUpsideDown UIInterfaceOrientationLandscapeLeft UIInterfaceOrientationLandscapeRight";
				INFOPLIST_KEY_UISupportedInterfaceOrientations_iPhone = "UIInterfaceOrientationPortrait UIInterfaceOrientationLandscapeLeft UIInterfaceOrientationLandscapeRight";
				LD_RUNPATH_SEARCH_PATHS = (
					"$(inherited)",
					"@executable_path/Frameworks",
				);
				MARKETING_VERSION = 1.0;
				PRODUCT_BUNDLE_IDENTIFIER = com.evrisevr.Mota;
				PRODUCT_NAME = "$(TARGET_NAME)";
				SWIFT_EMIT_LOC_STRINGS = YES;
				SWIFT_VERSION = 5.0;
				TARGETED_DEVICE_FAMILY = "1,2";
			};
			name = Debug;
		};
		8469DE4B2B582E6D00D617D2 /* Release */ = {
			isa = XCBuildConfiguration;
			buildSettings = {
				ASSETCATALOG_COMPILER_APPICON_NAME = AppIcon;
				ASSETCATALOG_COMPILER_GLOBAL_ACCENT_COLOR_NAME = AccentColor;
				CODE_SIGN_STYLE = Automatic;
				CURRENT_PROJECT_VERSION = 1;
				DEVELOPMENT_ASSET_PATHS = "\"Mota/Preview Content\"";
				DEVELOPMENT_TEAM = B8JM9B93DS;
				ENABLE_PREVIEWS = YES;
				GENERATE_INFOPLIST_FILE = YES;
				INFOPLIST_KEY_UIApplicationSceneManifest_Generation = YES;
				INFOPLIST_KEY_UIApplicationSupportsIndirectInputEvents = YES;
				INFOPLIST_KEY_UILaunchScreen_Generation = YES;
				INFOPLIST_KEY_UISupportedInterfaceOrientations_iPad = "UIInterfaceOrientationPortrait UIInterfaceOrientationPortraitUpsideDown UIInterfaceOrientationLandscapeLeft UIInterfaceOrientationLandscapeRight";
				INFOPLIST_KEY_UISupportedInterfaceOrientations_iPhone = "UIInterfaceOrientationPortrait UIInterfaceOrientationLandscapeLeft UIInterfaceOrientationLandscapeRight";
				LD_RUNPATH_SEARCH_PATHS = (
					"$(inherited)",
					"@executable_path/Frameworks",
				);
				MARKETING_VERSION = 1.0;
				PRODUCT_BUNDLE_IDENTIFIER = com.evrisevr.Mota;
				PRODUCT_NAME = "$(TARGET_NAME)";
				SWIFT_EMIT_LOC_STRINGS = YES;
				SWIFT_VERSION = 5.0;
				TARGETED_DEVICE_FAMILY = "1,2";
			};
			name = Release;
		};
		8469DE4D2B582E6D00D617D2 /* Debug */ = {
			isa = XCBuildConfiguration;
			buildSettings = {
				ALWAYS_EMBED_SWIFT_STANDARD_LIBRARIES = YES;
				BUNDLE_LOADER = "$(TEST_HOST)";
				CODE_SIGN_STYLE = Automatic;
				CURRENT_PROJECT_VERSION = 1;
				DEVELOPMENT_TEAM = B8JM9B93DS;
				GENERATE_INFOPLIST_FILE = YES;
				IPHONEOS_DEPLOYMENT_TARGET = 17.2;
				MARKETING_VERSION = 1.0;
				PRODUCT_BUNDLE_IDENTIFIER = com.evrisevr.MotaTests;
				PRODUCT_NAME = "$(TARGET_NAME)";
				SWIFT_EMIT_LOC_STRINGS = NO;
				SWIFT_VERSION = 5.0;
				TARGETED_DEVICE_FAMILY = "1,2";
				TEST_HOST = "$(BUILT_PRODUCTS_DIR)/Mota.app/$(BUNDLE_EXECUTABLE_FOLDER_PATH)/Mota";
			};
			name = Debug;
		};
		8469DE4E2B582E6D00D617D2 /* Release */ = {
			isa = XCBuildConfiguration;
			buildSettings = {
				ALWAYS_EMBED_SWIFT_STANDARD_LIBRARIES = YES;
				BUNDLE_LOADER = "$(TEST_HOST)";
				CODE_SIGN_STYLE = Automatic;
				CURRENT_PROJECT_VERSION = 1;
				DEVELOPMENT_TEAM = B8JM9B93DS;
				GENERATE_INFOPLIST_FILE = YES;
				IPHONEOS_DEPLOYMENT_TARGET = 17.2;
				MARKETING_VERSION = 1.0;
				PRODUCT_BUNDLE_IDENTIFIER = com.evrisevr.MotaTests;
				PRODUCT_NAME = "$(TARGET_NAME)";
				SWIFT_EMIT_LOC_STRINGS = NO;
				SWIFT_VERSION = 5.0;
				TARGETED_DEVICE_FAMILY = "1,2";
				TEST_HOST = "$(BUILT_PRODUCTS_DIR)/Mota.app/$(BUNDLE_EXECUTABLE_FOLDER_PATH)/Mota";
			};
			name = Release;
		};
		8469DE502B582E6D00D617D2 /* Debug */ = {
			isa = XCBuildConfiguration;
			buildSettings = {
				ALWAYS_EMBED_SWIFT_STANDARD_LIBRARIES = YES;
				CODE_SIGN_STYLE = Automatic;
				CURRENT_PROJECT_VERSION = 1;
				DEVELOPMENT_TEAM = B8JM9B93DS;
				GENERATE_INFOPLIST_FILE = YES;
				MARKETING_VERSION = 1.0;
				PRODUCT_BUNDLE_IDENTIFIER = com.evrisevr.MotaUITests;
				PRODUCT_NAME = "$(TARGET_NAME)";
				SWIFT_EMIT_LOC_STRINGS = NO;
				SWIFT_VERSION = 5.0;
				TARGETED_DEVICE_FAMILY = "1,2";
				TEST_TARGET_NAME = Mota;
			};
			name = Debug;
		};
		8469DE512B582E6D00D617D2 /* Release */ = {
			isa = XCBuildConfiguration;
			buildSettings = {
				ALWAYS_EMBED_SWIFT_STANDARD_LIBRARIES = YES;
				CODE_SIGN_STYLE = Automatic;
				CURRENT_PROJECT_VERSION = 1;
				DEVELOPMENT_TEAM = B8JM9B93DS;
				GENERATE_INFOPLIST_FILE = YES;
				MARKETING_VERSION = 1.0;
				PRODUCT_BUNDLE_IDENTIFIER = com.evrisevr.MotaUITests;
				PRODUCT_NAME = "$(TARGET_NAME)";
				SWIFT_EMIT_LOC_STRINGS = NO;
				SWIFT_VERSION = 5.0;
				TARGETED_DEVICE_FAMILY = "1,2";
				TEST_TARGET_NAME = Mota;
			};
			name = Release;
		};
/* End XCBuildConfiguration section */

/* Begin XCConfigurationList section */
		8469DE202B582E6900D617D2 /* Build configuration list for PBXProject "Mota" */ = {
			isa = XCConfigurationList;
			buildConfigurations = (
				8469DE472B582E6D00D617D2 /* Debug */,
				8469DE482B582E6D00D617D2 /* Release */,
			);
			defaultConfigurationIsVisible = 0;
			defaultConfigurationName = Release;
		};
		8469DE492B582E6D00D617D2 /* Build configuration list for PBXNativeTarget "Mota" */ = {
			isa = XCConfigurationList;
			buildConfigurations = (
				8469DE4A2B582E6D00D617D2 /* Debug */,
				8469DE4B2B582E6D00D617D2 /* Release */,
			);
			defaultConfigurationIsVisible = 0;
			defaultConfigurationName = Release;
		};
		8469DE4C2B582E6D00D617D2 /* Build configuration list for PBXNativeTarget "MotaTests" */ = {
			isa = XCConfigurationList;
			buildConfigurations = (
				8469DE4D2B582E6D00D617D2 /* Debug */,
				8469DE4E2B582E6D00D617D2 /* Release */,
			);
			defaultConfigurationIsVisible = 0;
			defaultConfigurationName = Release;
		};
		8469DE4F2B582E6D00D617D2 /* Build configuration list for PBXNativeTarget "MotaUITests" */ = {
			isa = XCConfigurationList;
			buildConfigurations = (
				8469DE502B582E6D00D617D2 /* Debug */,
				8469DE512B582E6D00D617D2 /* Release */,
			);
			defaultConfigurationIsVisible = 0;
			defaultConfigurationName = Release;
		};
/* End XCConfigurationList section */

/* Begin XCRemoteSwiftPackageReference section */
		8469DE602B58432200D617D2 /* XCRemoteSwiftPackageReference "firebase-ios-sdk" */ = {
			isa = XCRemoteSwiftPackageReference;
			repositoryURL = "https://github.com/firebase/firebase-ios-sdk";
			requirement = {
				kind = upToNextMajorVersion;
				minimumVersion = 10.20.0;
			};
		};
/* End XCRemoteSwiftPackageReference section */

/* Begin XCSwiftPackageProductDependency section */
		8469DE612B58432200D617D2 /* FirebaseAnalytics */ = {
			isa = XCSwiftPackageProductDependency;
			package = 8469DE602B58432200D617D2 /* XCRemoteSwiftPackageReference "firebase-ios-sdk" */;
			productName = FirebaseAnalytics;
		};
		8469DE632B58432200D617D2 /* FirebaseAnalyticsSwift */ = {
			isa = XCSwiftPackageProductDependency;
			package = 8469DE602B58432200D617D2 /* XCRemoteSwiftPackageReference "firebase-ios-sdk" */;
			productName = FirebaseAnalyticsSwift;
		};
		8469DE662B5845DA00D617D2 /* FirebaseAuth */ = {
			isa = XCSwiftPackageProductDependency;
			package = 8469DE602B58432200D617D2 /* XCRemoteSwiftPackageReference "firebase-ios-sdk" */;
			productName = FirebaseAuth;
		};
/* End XCSwiftPackageProductDependency section */
	};
	rootObject = 8469DE1D2B582E6900D617D2 /* Project object */;
}
